
Microsoft Visual Studio Solution File, Format Version 12.00
# Visual Studio 15
VisualStudioVersion = 15.0.27130.2010
MinimumVisualStudioVersion = 10.0.40219.1
Project("{2150E333-8FDC-42A3-9474-1A3956D46DE8}") = "src", "src", "{2ED2F18E-2E45-48B0-9F84-ACF4365BD172}"
EndProject
Project("{2150E333-8FDC-42A3-9474-1A3956D46DE8}") = "EmpHRIS", "EmpHRIS", "{EF0F6F28-01C3-4668-95F4-C1092F11C33A}"
EndProject
Project("{2150E333-8FDC-42A3-9474-1A3956D46DE8}") = "Services", "Services", "{8F30560B-9386-4AF7-AD46-AF0402A3CB53}"
EndProject
Project("{9A19103F-16F7-4668-BE54-9A1E7A4F7556}") = "EmpHRIS.Api", "src\Services\EmpHRIS\EmpHRIS.Api\EmpHRIS.Api.csproj", "{468B5A56-650F-4557-8640-2789BBBDA49E}"
EndProject
Project("{9A19103F-16F7-4668-BE54-9A1E7A4F7556}") = "EmpHRIS.Domain", "src\Services\EmpHRIS\EmpHRIS.Domain\EmpHRIS.Domain.csproj", "{9471E911-1079-4996-BE25-2407BE0CAF6E}"
EndProject
Project("{9A19103F-16F7-4668-BE54-9A1E7A4F7556}") = "EmpHRIS.Infrastructure", "src\Services\EmpHRIS\EmpHRIS.Infrastructure\EmpHRIS.Infrastructure.csproj", "{300B1014-0363-463E-8D8D-365DB97BF723}"
EndProject
Project("{2150E333-8FDC-42A3-9474-1A3956D46DE8}") = "AssignmentHRIS", "AssignmentHRIS", "{55216AA9-ED8E-4787-B321-14D57A6BB81E}"
EndProject
Project("{9A19103F-16F7-4668-BE54-9A1E7A4F7556}") = "AssignHRIS.Api", "src\Services\AssignmentHRIS\AssignHRIS.Api\AssignHRIS.Api.csproj", "{87ED0D53-9BBB-4450-9943-0DBB8CFBC6CA}"
EndProject
Project("{9A19103F-16F7-4668-BE54-9A1E7A4F7556}") = "AssignHRIS.Domain", "src\Services\AssignmentHRIS\AssignHRIS.Domain\AssignHRIS.Domain.csproj", "{C85C27D9-3C0B-4E02-BFDF-9EDDB18011BE}"
EndProject
Project("{9A19103F-16F7-4668-BE54-9A1E7A4F7556}") = "AssignHRIS.Infrastructure", "src\Services\AssignmentHRIS\AssignHRIS.Infrastructure\AssignHRIS.Infrastructure.csproj", "{F22F2BD1-AC3E-41F8-8B8C-3E57A521E402}"
EndProject
Global
	GlobalSection(SolutionConfigurationPlatforms) = preSolution
		Debug|Any CPU = Debug|Any CPU
		Release|Any CPU = Release|Any CPU
	EndGlobalSection
	GlobalSection(ProjectConfigurationPlatforms) = postSolution
		{468B5A56-650F-4557-8640-2789BBBDA49E}.Debug|Any CPU.ActiveCfg = Debug|Any CPU
		{468B5A56-650F-4557-8640-2789BBBDA49E}.Debug|Any CPU.Build.0 = Debug|Any CPU
		{468B5A56-650F-4557-8640-2789BBBDA49E}.Release|Any CPU.ActiveCfg = Release|Any CPU
		{468B5A56-650F-4557-8640-2789BBBDA49E}.Release|Any CPU.Build.0 = Release|Any CPU
		{9471E911-1079-4996-BE25-2407BE0CAF6E}.Debug|Any CPU.ActiveCfg = Debug|Any CPU
		{9471E911-1079-4996-BE25-2407BE0CAF6E}.Debug|Any CPU.Build.0 = Debug|Any CPU
		{9471E911-1079-4996-BE25-2407BE0CAF6E}.Release|Any CPU.ActiveCfg = Release|Any CPU
		{9471E911-1079-4996-BE25-2407BE0CAF6E}.Release|Any CPU.Build.0 = Release|Any CPU
		{300B1014-0363-463E-8D8D-365DB97BF723}.Debug|Any CPU.ActiveCfg = Debug|Any CPU
		{300B1014-0363-463E-8D8D-365DB97BF723}.Debug|Any CPU.Build.0 = Debug|Any CPU
		{300B1014-0363-463E-8D8D-365DB97BF723}.Release|Any CPU.ActiveCfg = Release|Any CPU
		{300B1014-0363-463E-8D8D-365DB97BF723}.Release|Any CPU.Build.0 = Release|Any CPU
		{87ED0D53-9BBB-4450-9943-0DBB8CFBC6CA}.Debug|Any CPU.ActiveCfg = Debug|Any CPU
		{87ED0D53-9BBB-4450-9943-0DBB8CFBC6CA}.Debug|Any CPU.Build.0 = Debug|Any CPU
		{87ED0D53-9BBB-4450-9943-0DBB8CFBC6CA}.Release|Any CPU.ActiveCfg = Release|Any CPU
		{87ED0D53-9BBB-4450-9943-0DBB8CFBC6CA}.Release|Any CPU.Build.0 = Release|Any CPU
		{C85C27D9-3C0B-4E02-BFDF-9EDDB18011BE}.Debug|Any CPU.ActiveCfg = Debug|Any CPU
		{C85C27D9-3C0B-4E02-BFDF-9EDDB18011BE}.Debug|Any CPU.Build.0 = Debug|Any CPU
		{C85C27D9-3C0B-4E02-BFDF-9EDDB18011BE}.Release|Any CPU.ActiveCfg = Release|Any CPU
		{C85C27D9-3C0B-4E02-BFDF-9EDDB18011BE}.Release|Any CPU.Build.0 = Release|Any CPU
		{F22F2BD1-AC3E-41F8-8B8C-3E57A521E402}.Debug|Any CPU.ActiveCfg = Debug|Any CPU
		{F22F2BD1-AC3E-41F8-8B8C-3E57A521E402}.Debug|Any CPU.Build.0 = Debug|Any CPU
		{F22F2BD1-AC3E-41F8-8B8C-3E57A521E402}.Release|Any CPU.ActiveCfg = Release|Any CPU
		{F22F2BD1-AC3E-41F8-8B8C-3E57A521E402}.Release|Any CPU.Build.0 = Release|Any CPU
	EndGlobalSection
	GlobalSection(SolutionProperties) = preSolution
		HideSolutionNode = FALSE
	EndGlobalSection
	GlobalSection(NestedProjects) = preSolution
		{EF0F6F28-01C3-4668-95F4-C1092F11C33A} = {8F30560B-9386-4AF7-AD46-AF0402A3CB53}
		{8F30560B-9386-4AF7-AD46-AF0402A3CB53} = {2ED2F18E-2E45-48B0-9F84-ACF4365BD172}
		{468B5A56-650F-4557-8640-2789BBBDA49E} = {EF0F6F28-01C3-4668-95F4-C1092F11C33A}
		{9471E911-1079-4996-BE25-2407BE0CAF6E} = {EF0F6F28-01C3-4668-95F4-C1092F11C33A}
		{300B1014-0363-463E-8D8D-365DB97BF723} = {EF0F6F28-01C3-4668-95F4-C1092F11C33A}
		{55216AA9-ED8E-4787-B321-14D57A6BB81E} = {8F30560B-9386-4AF7-AD46-AF0402A3CB53}
		{87ED0D53-9BBB-4450-9943-0DBB8CFBC6CA} = {55216AA9-ED8E-4787-B321-14D57A6BB81E}
		{C85C27D9-3C0B-4E02-BFDF-9EDDB18011BE} = {55216AA9-ED8E-4787-B321-14D57A6BB81E}
		{F22F2BD1-AC3E-41F8-8B8C-3E57A521E402} = {55216AA9-ED8E-4787-B321-14D57A6BB81E}
	EndGlobalSection
	GlobalSection(ExtensibilityGlobals) = postSolution
		SolutionGuid = {1FD3F432-E8AA-4AF2-8508-EE40299FB8D3}
	EndGlobalSection
EndGlobal
