
Microsoft Visual Studio Solution File, Format Version 12.00
# Visual Studio 15
VisualStudioVersion = 15.0.27130.2010
MinimumVisualStudioVersion = 10.0.40219.1
Project("{2150E333-8FDC-42A3-9474-1A3956D46DE8}") = "src", "src", "{2ED2F18E-2E45-48B0-9F84-ACF4365BD172}"
EndProject
Project("{2150E333-8FDC-42A3-9474-1A3956D46DE8}") = "EmpHRIS", "EmpHRIS", "{EF0F6F28-01C3-4668-95F4-C1092F11C33A}"
EndProject
Project("{2150E333-8FDC-42A3-9474-1A3956D46DE8}") = "Services", "Services", "{8F30560B-9386-4AF7-AD46-AF0402A3CB53}"
EndProject
Project("{9A19103F-16F7-4668-BE54-9A1E7A4F7556}") = "EmpHRIS.Api", "src\Services\EmpHRIS.Api\EmpHRIS.Api.csproj", "{E27E8A99-5FB9-4A43-8AB2-2157E76E067A}"
EndProject
Project("{9A19103F-16F7-4668-BE54-9A1E7A4F7556}") = "EmpHRIS.Domain", "src\Services\EmpHRIS.Domain\EmpHRIS.Domain.csproj", "{18F233F9-1116-4955-A9C3-7BF02D60BDED}"
EndProject
Project("{9A19103F-16F7-4668-BE54-9A1E7A4F7556}") = "EmpHRIS.Infrastructure", "src\Services\EmpHRIS.Infrastructure\EmpHRIS.Infrastructure.csproj", "{122F191B-AA1C-4AF5-85A5-D5514797BA16}"
EndProject
Global
	GlobalSection(SolutionConfigurationPlatforms) = preSolution
		Debug|Any CPU = Debug|Any CPU
		Release|Any CPU = Release|Any CPU
	EndGlobalSection
	GlobalSection(ProjectConfigurationPlatforms) = postSolution
		{E27E8A99-5FB9-4A43-8AB2-2157E76E067A}.Debug|Any CPU.ActiveCfg = Debug|Any CPU
		{E27E8A99-5FB9-4A43-8AB2-2157E76E067A}.Debug|Any CPU.Build.0 = Debug|Any CPU
		{E27E8A99-5FB9-4A43-8AB2-2157E76E067A}.Release|Any CPU.ActiveCfg = Release|Any CPU
		{E27E8A99-5FB9-4A43-8AB2-2157E76E067A}.Release|Any CPU.Build.0 = Release|Any CPU
		{18F233F9-1116-4955-A9C3-7BF02D60BDED}.Debug|Any CPU.ActiveCfg = Debug|Any CPU
		{18F233F9-1116-4955-A9C3-7BF02D60BDED}.Debug|Any CPU.Build.0 = Debug|Any CPU
		{18F233F9-1116-4955-A9C3-7BF02D60BDED}.Release|Any CPU.ActiveCfg = Release|Any CPU
		{18F233F9-1116-4955-A9C3-7BF02D60BDED}.Release|Any CPU.Build.0 = Release|Any CPU
		{122F191B-AA1C-4AF5-85A5-D5514797BA16}.Debug|Any CPU.ActiveCfg = Debug|Any CPU
		{122F191B-AA1C-4AF5-85A5-D5514797BA16}.Debug|Any CPU.Build.0 = Debug|Any CPU
		{122F191B-AA1C-4AF5-85A5-D5514797BA16}.Release|Any CPU.ActiveCfg = Release|Any CPU
		{122F191B-AA1C-4AF5-85A5-D5514797BA16}.Release|Any CPU.Build.0 = Release|Any CPU
	EndGlobalSection
	GlobalSection(SolutionProperties) = preSolution
		HideSolutionNode = FALSE
	EndGlobalSection
	GlobalSection(NestedProjects) = preSolution
		{EF0F6F28-01C3-4668-95F4-C1092F11C33A} = {8F30560B-9386-4AF7-AD46-AF0402A3CB53}
		{8F30560B-9386-4AF7-AD46-AF0402A3CB53} = {2ED2F18E-2E45-48B0-9F84-ACF4365BD172}
		{E27E8A99-5FB9-4A43-8AB2-2157E76E067A} = {EF0F6F28-01C3-4668-95F4-C1092F11C33A}
		{18F233F9-1116-4955-A9C3-7BF02D60BDED} = {EF0F6F28-01C3-4668-95F4-C1092F11C33A}
		{122F191B-AA1C-4AF5-85A5-D5514797BA16} = {EF0F6F28-01C3-4668-95F4-C1092F11C33A}
	EndGlobalSection
	GlobalSection(ExtensibilityGlobals) = postSolution
		SolutionGuid = {1FD3F432-E8AA-4AF2-8508-EE40299FB8D3}
	EndGlobalSection
EndGlobal
